
Microsoft Visual Studio Solution File, Format Version 12.00
# Visual Studio Version 17
VisualStudioVersion = 17.3.32825.248
MinimumVisualStudioVersion = 10.0.40219.1
Project("{FAE04EC0-301F-11D3-BF4B-00C04F79EFBC}") = "ConsultaARSHospital", "ConsultaARSHospital\ConsultaARSHospital.csproj", "{3F25E0E0-FAD8-4601-B2D9-F423646544BF}"
EndProject
Global
	GlobalSection(SolutionConfigurationPlatforms) = preSolution
		Debug|Any CPU = Debug|Any CPU
		Release|Any CPU = Release|Any CPU
	EndGlobalSection
	GlobalSection(ProjectConfigurationPlatforms) = postSolution
		{3F25E0E0-FAD8-4601-B2D9-F423646544BF}.Debug|Any CPU.ActiveCfg = Debug|Any CPU
		{3F25E0E0-FAD8-4601-B2D9-F423646544BF}.Debug|Any CPU.Build.0 = Debug|Any CPU
		{3F25E0E0-FAD8-4601-B2D9-F423646544BF}.Release|Any CPU.ActiveCfg = Release|Any CPU
		{3F25E0E0-FAD8-4601-B2D9-F423646544BF}.Release|Any CPU.Build.0 = Release|Any CPU
	EndGlobalSection
	GlobalSection(SolutionProperties) = preSolution
		HideSolutionNode = FALSE
	EndGlobalSection
	GlobalSection(ExtensibilityGlobals) = postSolution
		SolutionGuid = {FE512947-5DAC-4327-A85D-163189361992}
	EndGlobalSection
EndGlobal
